
Microsoft Visual Studio Solution File, Format Version 12.00
# Visual Studio Version 17
VisualStudioVersion = 17.5.2.0
MinimumVisualStudioVersion = 10.0.40219.1
Project("{2150E333-8FDC-42A3-9474-1A3956D46DE8}") = "Bootstrapper", "Bootstrapper", "{5310A871-B8F0-0791-A052-C8A19D59FF82}"
EndProject
Project("{2150E333-8FDC-42A3-9474-1A3956D46DE8}") = "Shared", "Shared", "{4F52FD11-658E-A102-6CD3-7D7C16FFA15B}"
EndProject
Project("{2150E333-8FDC-42A3-9474-1A3956D46DE8}") = "Modules", "Modules", "{CA253913-39DE-BFD0-C9A3-4B7EC6FBDF17}"
EndProject
Project("{FAE04EC0-301F-11D3-BF4B-00C04F79EFBC}") = "ModularMonolith.Api", "Bootstrapper\ModularMonolith.Api\ModularMonolith.Api.csproj", "{02B700C9-8323-F5D8-56A4-9A4E7D187CEA}"
EndProject
Project("{FAE04EC0-301F-11D3-BF4B-00C04F79EFBC}") = "ModularMonolith.Shared.Abstractions", "Shared\ModularMonolith.Shared.Abstractions\ModularMonolith.Shared.Abstractions.csproj", "{6E9B7F34-009A-4493-AEB3-438E5EBDCAD2}"
EndProject
Project("{FAE04EC0-301F-11D3-BF4B-00C04F79EFBC}") = "ModularMonolith.Shared.Infrastructure", "Shared\ModularMonolith.Shared.Infrastructure\ModularMonolith.Shared.Infrastructure.csproj", "{19B4538E-4E9A-0130-BE00-B9E588D4BC8A}"
EndProject
Project("{2150E333-8FDC-42A3-9474-1A3956D46DE8}") = "Orders", "Orders", "{E1ED5814-3279-5096-6E7D-B99B82AC87D2}"
EndProject
Project("{FAE04EC0-301F-11D3-BF4B-00C04F79EFBC}") = "ModularMonolith.Modules.Orders.Api", "Modules\Orders\ModularMonolith.Modules.Orders.Api\ModularMonolith.Modules.Orders.Api.csproj", "{FFDE1A46-1FDB-FCA9-8C54-4C959E4F4D46}"
EndProject
Project("{FAE04EC0-301F-11D3-BF4B-00C04F79EFBC}") = "ModularMonolith.Modules.Orders.Application", "Modules\Orders\ModularMonolith.Modules.Orders.Application\ModularMonolith.Modules.Orders.Application.csproj", "{F04EA15A-2D03-A2F8-C7DC-5E6D1245AEBE}"
EndProject
Project("{FAE04EC0-301F-11D3-BF4B-00C04F79EFBC}") = "ModularMonolith.Modules.Orders.Domain", "Modules\Orders\ModularMonolith.Modules.Orders.Domain\ModularMonolith.Modules.Orders.Domain.csproj", "{BE18583B-B55B-0DA5-608E-BAFF8003FB83}"
EndProject
Project("{FAE04EC0-301F-11D3-BF4B-00C04F79EFBC}") = "ModularMonolith.Modules.Orders.Infrastructure", "Modules\Orders\ModularMonolith.Modules.Orders.Infrastructure\ModularMonolith.Modules.Orders.Infrastructure.csproj", "{7CD0AB9B-BCE4-5EE0-AAB6-5BBE0231B566}"
EndProject
Project("{2150E333-8FDC-42A3-9474-1A3956D46DE8}") = "Customers", "Customers", "{6E738700-F19F-83EF-9B5F-3C8900D73B86}"
EndProject
Project("{FAE04EC0-301F-11D3-BF4B-00C04F79EFBC}") = "ModularMonolith.Modules.Customers.Domain", "Modules\Customers\ModularMonolith.Modules.Customers.Domain\ModularMonolith.Modules.Customers.Domain.csproj", "{1A61C9C6-13F2-4A55-8D0E-15C59305D5DD}"
EndProject
Project("{FAE04EC0-301F-11D3-BF4B-00C04F79EFBC}") = "ModularMonolith.Modules.Customers.Infrastructure", "Modules\Customers\ModularMonolith.Modules.Customers.Infrastructure\ModularMonolith.Modules.Customers.Infrastructure.csproj", "{265EF4B5-0CAD-4790-A95C-84CD72146DC5}"
EndProject
Project("{FAE04EC0-301F-11D3-BF4B-00C04F79EFBC}") = "ModularMonolith.Modules.Customers.Application", "Modules\Customers\ModularMonolith.Modules.Customers.Application\ModularMonolith.Modules.Customers.Application.csproj", "{A7F16905-2EE6-450F-A5B5-A915AC7ADB29}"
EndProject
Project("{FAE04EC0-301F-11D3-BF4B-00C04F79EFBC}") = "ModularMonolith.Modules.Customers.Api", "Modules\Customers\ModularMonolith.Modules.Customers.Api\ModularMonolith.Modules.Customers.Api.csproj", "{3FD8660A-E365-4E24-92BD-06D89063E999}"
EndProject
Global
	GlobalSection(SolutionConfigurationPlatforms) = preSolution
		Debug|Any CPU = Debug|Any CPU
		Release|Any CPU = Release|Any CPU
	EndGlobalSection
	GlobalSection(ProjectConfigurationPlatforms) = postSolution
		{02B700C9-8323-F5D8-56A4-9A4E7D187CEA}.Debug|Any CPU.ActiveCfg = Debug|Any CPU
		{02B700C9-8323-F5D8-56A4-9A4E7D187CEA}.Debug|Any CPU.Build.0 = Debug|Any CPU
		{02B700C9-8323-F5D8-56A4-9A4E7D187CEA}.Release|Any CPU.ActiveCfg = Release|Any CPU
		{02B700C9-8323-F5D8-56A4-9A4E7D187CEA}.Release|Any CPU.Build.0 = Release|Any CPU
		{6E9B7F34-009A-4493-AEB3-438E5EBDCAD2}.Debug|Any CPU.ActiveCfg = Debug|Any CPU
		{6E9B7F34-009A-4493-AEB3-438E5EBDCAD2}.Debug|Any CPU.Build.0 = Debug|Any CPU
		{6E9B7F34-009A-4493-AEB3-438E5EBDCAD2}.Release|Any CPU.ActiveCfg = Release|Any CPU
		{6E9B7F34-009A-4493-AEB3-438E5EBDCAD2}.Release|Any CPU.Build.0 = Release|Any CPU
		{19B4538E-4E9A-0130-BE00-B9E588D4BC8A}.Debug|Any CPU.ActiveCfg = Debug|Any CPU
		{19B4538E-4E9A-0130-BE00-B9E588D4BC8A}.Debug|Any CPU.Build.0 = Debug|Any CPU
		{19B4538E-4E9A-0130-BE00-B9E588D4BC8A}.Release|Any CPU.ActiveCfg = Release|Any CPU
		{19B4538E-4E9A-0130-BE00-B9E588D4BC8A}.Release|Any CPU.Build.0 = Release|Any CPU
		{FFDE1A46-1FDB-FCA9-8C54-4C959E4F4D46}.Debug|Any CPU.ActiveCfg = Debug|Any CPU
		{FFDE1A46-1FDB-FCA9-8C54-4C959E4F4D46}.Debug|Any CPU.Build.0 = Debug|Any CPU
		{FFDE1A46-1FDB-FCA9-8C54-4C959E4F4D46}.Release|Any CPU.ActiveCfg = Release|Any CPU
		{FFDE1A46-1FDB-FCA9-8C54-4C959E4F4D46}.Release|Any CPU.Build.0 = Release|Any CPU
		{F04EA15A-2D03-A2F8-C7DC-5E6D1245AEBE}.Debug|Any CPU.ActiveCfg = Debug|Any CPU
		{F04EA15A-2D03-A2F8-C7DC-5E6D1245AEBE}.Debug|Any CPU.Build.0 = Debug|Any CPU
		{F04EA15A-2D03-A2F8-C7DC-5E6D1245AEBE}.Release|Any CPU.ActiveCfg = Release|Any CPU
		{F04EA15A-2D03-A2F8-C7DC-5E6D1245AEBE}.Release|Any CPU.Build.0 = Release|Any CPU
		{BE18583B-B55B-0DA5-608E-BAFF8003FB83}.Debug|Any CPU.ActiveCfg = Debug|Any CPU
		{BE18583B-B55B-0DA5-608E-BAFF8003FB83}.Debug|Any CPU.Build.0 = Debug|Any CPU
		{BE18583B-B55B-0DA5-608E-BAFF8003FB83}.Release|Any CPU.ActiveCfg = Release|Any CPU
		{BE18583B-B55B-0DA5-608E-BAFF8003FB83}.Release|Any CPU.Build.0 = Release|Any CPU
		{7CD0AB9B-BCE4-5EE0-AAB6-5BBE0231B566}.Debug|Any CPU.ActiveCfg = Debug|Any CPU
		{7CD0AB9B-BCE4-5EE0-AAB6-5BBE0231B566}.Debug|Any CPU.Build.0 = Debug|Any CPU
		{7CD0AB9B-BCE4-5EE0-AAB6-5BBE0231B566}.Release|Any CPU.ActiveCfg = Release|Any CPU
		{7CD0AB9B-BCE4-5EE0-AAB6-5BBE0231B566}.Release|Any CPU.Build.0 = Release|Any CPU
		{1A61C9C6-13F2-4A55-8D0E-15C59305D5DD}.Debug|Any CPU.ActiveCfg = Debug|Any CPU
		{1A61C9C6-13F2-4A55-8D0E-15C59305D5DD}.Debug|Any CPU.Build.0 = Debug|Any CPU
		{1A61C9C6-13F2-4A55-8D0E-15C59305D5DD}.Release|Any CPU.ActiveCfg = Release|Any CPU
		{1A61C9C6-13F2-4A55-8D0E-15C59305D5DD}.Release|Any CPU.Build.0 = Release|Any CPU
		{265EF4B5-0CAD-4790-A95C-84CD72146DC5}.Debug|Any CPU.ActiveCfg = Debug|Any CPU
		{265EF4B5-0CAD-4790-A95C-84CD72146DC5}.Debug|Any CPU.Build.0 = Debug|Any CPU
		{265EF4B5-0CAD-4790-A95C-84CD72146DC5}.Release|Any CPU.ActiveCfg = Release|Any CPU
		{265EF4B5-0CAD-4790-A95C-84CD72146DC5}.Release|Any CPU.Build.0 = Release|Any CPU
		{A7F16905-2EE6-450F-A5B5-A915AC7ADB29}.Debug|Any CPU.ActiveCfg = Debug|Any CPU
		{A7F16905-2EE6-450F-A5B5-A915AC7ADB29}.Debug|Any CPU.Build.0 = Debug|Any CPU
		{A7F16905-2EE6-450F-A5B5-A915AC7ADB29}.Release|Any CPU.ActiveCfg = Release|Any CPU
		{A7F16905-2EE6-450F-A5B5-A915AC7ADB29}.Release|Any CPU.Build.0 = Release|Any CPU
		{3FD8660A-E365-4E24-92BD-06D89063E999}.Debug|Any CPU.ActiveCfg = Debug|Any CPU
		{3FD8660A-E365-4E24-92BD-06D89063E999}.Debug|Any CPU.Build.0 = Debug|Any CPU
		{3FD8660A-E365-4E24-92BD-06D89063E999}.Release|Any CPU.ActiveCfg = Release|Any CPU
		{3FD8660A-E365-4E24-92BD-06D89063E999}.Release|Any CPU.Build.0 = Release|Any CPU
	EndGlobalSection
	GlobalSection(SolutionProperties) = preSolution
		HideSolutionNode = FALSE
	EndGlobalSection
	GlobalSection(NestedProjects) = preSolution
		{02B700C9-8323-F5D8-56A4-9A4E7D187CEA} = {5310A871-B8F0-0791-A052-C8A19D59FF82}
		{6E9B7F34-009A-4493-AEB3-438E5EBDCAD2} = {4F52FD11-658E-A102-6CD3-7D7C16FFA15B}
		{19B4538E-4E9A-0130-BE00-B9E588D4BC8A} = {4F52FD11-658E-A102-6CD3-7D7C16FFA15B}
		{E1ED5814-3279-5096-6E7D-B99B82AC87D2} = {CA253913-39DE-BFD0-C9A3-4B7EC6FBDF17}
		{FFDE1A46-1FDB-FCA9-8C54-4C959E4F4D46} = {E1ED5814-3279-5096-6E7D-B99B82AC87D2}
		{F04EA15A-2D03-A2F8-C7DC-5E6D1245AEBE} = {E1ED5814-3279-5096-6E7D-B99B82AC87D2}
		{BE18583B-B55B-0DA5-608E-BAFF8003FB83} = {E1ED5814-3279-5096-6E7D-B99B82AC87D2}
		{7CD0AB9B-BCE4-5EE0-AAB6-5BBE0231B566} = {E1ED5814-3279-5096-6E7D-B99B82AC87D2}
		{6E738700-F19F-83EF-9B5F-3C8900D73B86} = {CA253913-39DE-BFD0-C9A3-4B7EC6FBDF17}
		{1A61C9C6-13F2-4A55-8D0E-15C59305D5DD} = {6E738700-F19F-83EF-9B5F-3C8900D73B86}
		{265EF4B5-0CAD-4790-A95C-84CD72146DC5} = {6E738700-F19F-83EF-9B5F-3C8900D73B86}
		{A7F16905-2EE6-450F-A5B5-A915AC7ADB29} = {6E738700-F19F-83EF-9B5F-3C8900D73B86}
		{3FD8660A-E365-4E24-92BD-06D89063E999} = {6E738700-F19F-83EF-9B5F-3C8900D73B86}
	EndGlobalSection
	GlobalSection(ExtensibilityGlobals) = postSolution
		SolutionGuid = {5751B59D-28A0-4AB2-89EE-49673E1DB770}
	EndGlobalSection
EndGlobal
